
Microsoft Visual Studio Solution File, Format Version 12.00
# Visual Studio Version 17
VisualStudioVersion = 17.4.33205.214
MinimumVisualStudioVersion = 10.0.40219.1
Project("{E24C65DC-7377-472B-9ABA-BC803B73C61A}") = "ARC-website", ".", "{8527AD82-EB77-400D-8733-24FC34843B63}"
	ProjectSection(WebsiteProperties) = preProject
		TargetFrameworkMoniker = ".NETFramework,Version%3Dv4.8.1"
		Debug.AspNetCompiler.VirtualPath = "/localhost_50427"
		Debug.AspNetCompiler.PhysicalPath = "\\Mac\Home\Documents\GitHub\ARC-website\"
		Debug.AspNetCompiler.TargetPath = "PrecompiledWeb\localhost_50427\"
		Debug.AspNetCompiler.Updateable = "true"
		Debug.AspNetCompiler.ForceOverwrite = "true"
		Debug.AspNetCompiler.FixedNames = "false"
		Debug.AspNetCompiler.Debug = "True"
		Release.AspNetCompiler.VirtualPath = "/localhost_50427"
		Release.AspNetCompiler.PhysicalPath = "\\Mac\Home\Documents\GitHub\ARC-website\"
		Release.AspNetCompiler.TargetPath = "PrecompiledWeb\localhost_50427\"
		Release.AspNetCompiler.Updateable = "true"
		Release.AspNetCompiler.ForceOverwrite = "true"
		Release.AspNetCompiler.FixedNames = "false"
		Release.AspNetCompiler.Debug = "False"
		VWDPort = "50427"
	EndProjectSection
EndProject
Global
	GlobalSection(SolutionConfigurationPlatforms) = preSolution
		Debug|Any CPU = Debug|Any CPU
	EndGlobalSection
	GlobalSection(ProjectConfigurationPlatforms) = postSolution
		{8527AD82-EB77-400D-8733-24FC34843B63}.Debug|Any CPU.ActiveCfg = Debug|Any CPU
		{8527AD82-EB77-400D-8733-24FC34843B63}.Debug|Any CPU.Build.0 = Debug|Any CPU
	EndGlobalSection
	GlobalSection(SolutionProperties) = preSolution
		HideSolutionNode = FALSE
	EndGlobalSection
	GlobalSection(ExtensibilityGlobals) = postSolution
		SolutionGuid = {6E587F05-6AC2-48D9-BF25-318997F1C10E}
	EndGlobalSection
EndGlobal
